
Microsoft Visual Studio Solution File, Format Version 10.00
# Visual Studio 2008
Project("{FAE04EC0-301F-11D3-BF4B-00C04F79EFBC}") = "WindowsFormsApplication2", "WindowsFormsApplication2\WindowsFormsApplication2.csproj", "{64AF13E6-1853-4583-AA78-2234CF441EC6}"
EndProject
Global
	GlobalSection(SolutionConfigurationPlatforms) = preSolution
		Debug|Any CPU = Debug|Any CPU
		Release|Any CPU = Release|Any CPU
	EndGlobalSection
	GlobalSection(ProjectConfigurationPlatforms) = postSolution
		{64AF13E6-1853-4583-AA78-2234CF441EC6}.Debug|Any CPU.ActiveCfg = Debug|Any CPU
		{64AF13E6-1853-4583-AA78-2234CF441EC6}.Debug|Any CPU.Build.0 = Debug|Any CPU
		{64AF13E6-1853-4583-AA78-2234CF441EC6}.Release|Any CPU.ActiveCfg = Release|Any CPU
		{64AF13E6-1853-4583-AA78-2234CF441EC6}.Release|Any CPU.Build.0 = Release|Any CPU
	EndGlobalSection
	GlobalSection(SolutionProperties) = preSolution
		HideSolutionNode = FALSE
	EndGlobalSection
EndGlobal
